
Microsoft Visual Studio Solution File, Format Version 12.00
# Visual Studio Version 17
VisualStudioVersion = 17.1.32210.238
MinimumVisualStudioVersion = 10.0.40219.1
Project("{9A19103F-16F7-4668-BE54-9A1E7A4F7556}") = "GreetMe_DataAccess", "..\GreetMe_DataAccess\GreetMe_DataAccess.csproj", "{A9CBF64C-8F51-496D-914D-06432D0EE43D}"
EndProject
Project("{2150E333-8FDC-42A3-9474-1A3956D46DE8}") = "Src", "Src", "{8E154B4D-6C26-4A60-8BB9-C05E928A200A}"
	ProjectSection(SolutionItems) = preProject
		DontUseThisProject_UseNewGreetMe.txt = DontUseThisProject_UseNewGreetMe.txt
	EndProjectSection
EndProject
Project("{2150E333-8FDC-42A3-9474-1A3956D46DE8}") = "API", "API", "{4162B979-4F7E-43DE-B6A8-08B108D7327C}"
	ProjectSection(SolutionItems) = preProject
		DontUseThisProject_UseNewGreetMe.txt = DontUseThisProject_UseNewGreetMe.txt
	EndProjectSection
EndProject
Project("{2150E333-8FDC-42A3-9474-1A3956D46DE8}") = "DataAccess", "DataAccess", "{AE143741-EC13-4266-9E69-EFAB8CBE9E16}"
	ProjectSection(SolutionItems) = preProject
		DontUseThisProject_UseNewGreetMe.txt = DontUseThisProject_UseNewGreetMe.txt
	EndProjectSection
EndProject
Project("{2150E333-8FDC-42A3-9474-1A3956D46DE8}") = "Test", "Test", "{FF9C619E-E415-44CB-BD74-74E18A2B85EE}"
EndProject
Project("{2150E333-8FDC-42A3-9474-1A3956D46DE8}") = "SQLScript", "SQLScript", "{0B89B1E2-911F-420D-8102-EF44C3C3004D}"
	ProjectSection(SolutionItems) = preProject
		..\SQL_Scripts\SQLScripts\create_database_and_tables_locally.sql = ..\SQL_Scripts\SQLScripts\create_database_and_tables_locally.sql
		..\SQL_Scripts\SQLScripts\create_database_and_tables_online.sql = ..\SQL_Scripts\SQLScripts\create_database_and_tables_online.sql
		..\SQL_Scripts\SQLScripts\create_database_locally.sql = ..\SQL_Scripts\SQLScripts\create_database_locally.sql
		DontUseThisProject_UseNewGreetMe.txt = DontUseThisProject_UseNewGreetMe.txt
		..\SQL_Scripts\SQLScripts\drop_database_and_tables_locally.sql = ..\SQL_Scripts\SQLScripts\drop_database_and_tables_locally.sql
		..\SQL_Scripts\SQLScripts\drop_database_and_tables_online.sql = ..\SQL_Scripts\SQLScripts\drop_database_and_tables_online.sql
	EndProjectSection
EndProject
Project("{2150E333-8FDC-42A3-9474-1A3956D46DE8}") = "SQL", "SQL", "{26D0FBD9-72F8-49FA-A86D-7719545CE07A}"
EndProject
Project("{2150E333-8FDC-42A3-9474-1A3956D46DE8}") = "SQL_Database", "SQL_Database", "{32BBEBC9-41BE-4231-A928-8C8CB0DB5DC8}"
EndProject
Project("{00D1A9C2-B5F0-4AF3-8072-F6C62B433612}") = "GreetMe_Database", "..\GreetMe_Database\GreetMe_Database.sqlproj", "{1547A9F0-B928-4F7F-AC50-DB059DCDD36D}"
EndProject
Project("{9A19103F-16F7-4668-BE54-9A1E7A4F7556}") = "GreetMe_API", "GreetMe_API\GreetMe_API.csproj", "{413BB475-F58A-4A98-85B9-9B417C06A5E3}"
EndProject
Global
	GlobalSection(SolutionConfigurationPlatforms) = preSolution
		Debug|Any CPU = Debug|Any CPU
		Debug|ARM = Debug|ARM
		Debug|ARM64 = Debug|ARM64
		Debug|x64 = Debug|x64
		Debug|x86 = Debug|x86
		Release|Any CPU = Release|Any CPU
		Release|ARM = Release|ARM
		Release|ARM64 = Release|ARM64
		Release|x64 = Release|x64
		Release|x86 = Release|x86
	EndGlobalSection
	GlobalSection(ProjectConfigurationPlatforms) = postSolution
		{A9CBF64C-8F51-496D-914D-06432D0EE43D}.Debug|Any CPU.ActiveCfg = Debug|Any CPU
		{A9CBF64C-8F51-496D-914D-06432D0EE43D}.Debug|Any CPU.Build.0 = Debug|Any CPU
		{A9CBF64C-8F51-496D-914D-06432D0EE43D}.Debug|ARM.ActiveCfg = Debug|Any CPU
		{A9CBF64C-8F51-496D-914D-06432D0EE43D}.Debug|ARM.Build.0 = Debug|Any CPU
		{A9CBF64C-8F51-496D-914D-06432D0EE43D}.Debug|ARM64.ActiveCfg = Debug|Any CPU
		{A9CBF64C-8F51-496D-914D-06432D0EE43D}.Debug|ARM64.Build.0 = Debug|Any CPU
		{A9CBF64C-8F51-496D-914D-06432D0EE43D}.Debug|x64.ActiveCfg = Debug|Any CPU
		{A9CBF64C-8F51-496D-914D-06432D0EE43D}.Debug|x64.Build.0 = Debug|Any CPU
		{A9CBF64C-8F51-496D-914D-06432D0EE43D}.Debug|x86.ActiveCfg = Debug|Any CPU
		{A9CBF64C-8F51-496D-914D-06432D0EE43D}.Debug|x86.Build.0 = Debug|Any CPU
		{A9CBF64C-8F51-496D-914D-06432D0EE43D}.Release|Any CPU.ActiveCfg = Release|Any CPU
		{A9CBF64C-8F51-496D-914D-06432D0EE43D}.Release|Any CPU.Build.0 = Release|Any CPU
		{A9CBF64C-8F51-496D-914D-06432D0EE43D}.Release|ARM.ActiveCfg = Release|Any CPU
		{A9CBF64C-8F51-496D-914D-06432D0EE43D}.Release|ARM.Build.0 = Release|Any CPU
		{A9CBF64C-8F51-496D-914D-06432D0EE43D}.Release|ARM64.ActiveCfg = Release|Any CPU
		{A9CBF64C-8F51-496D-914D-06432D0EE43D}.Release|ARM64.Build.0 = Release|Any CPU
		{A9CBF64C-8F51-496D-914D-06432D0EE43D}.Release|x64.ActiveCfg = Release|Any CPU
		{A9CBF64C-8F51-496D-914D-06432D0EE43D}.Release|x64.Build.0 = Release|Any CPU
		{A9CBF64C-8F51-496D-914D-06432D0EE43D}.Release|x86.ActiveCfg = Release|Any CPU
		{A9CBF64C-8F51-496D-914D-06432D0EE43D}.Release|x86.Build.0 = Release|Any CPU
		{1547A9F0-B928-4F7F-AC50-DB059DCDD36D}.Debug|Any CPU.ActiveCfg = Debug|Any CPU
		{1547A9F0-B928-4F7F-AC50-DB059DCDD36D}.Debug|Any CPU.Build.0 = Debug|Any CPU
		{1547A9F0-B928-4F7F-AC50-DB059DCDD36D}.Debug|Any CPU.Deploy.0 = Debug|Any CPU
		{1547A9F0-B928-4F7F-AC50-DB059DCDD36D}.Debug|ARM.ActiveCfg = Debug|Any CPU
		{1547A9F0-B928-4F7F-AC50-DB059DCDD36D}.Debug|ARM.Build.0 = Debug|Any CPU
		{1547A9F0-B928-4F7F-AC50-DB059DCDD36D}.Debug|ARM.Deploy.0 = Debug|Any CPU
		{1547A9F0-B928-4F7F-AC50-DB059DCDD36D}.Debug|ARM64.ActiveCfg = Debug|Any CPU
		{1547A9F0-B928-4F7F-AC50-DB059DCDD36D}.Debug|ARM64.Build.0 = Debug|Any CPU
		{1547A9F0-B928-4F7F-AC50-DB059DCDD36D}.Debug|ARM64.Deploy.0 = Debug|Any CPU
		{1547A9F0-B928-4F7F-AC50-DB059DCDD36D}.Debug|x64.ActiveCfg = Debug|Any CPU
		{1547A9F0-B928-4F7F-AC50-DB059DCDD36D}.Debug|x64.Build.0 = Debug|Any CPU
		{1547A9F0-B928-4F7F-AC50-DB059DCDD36D}.Debug|x64.Deploy.0 = Debug|Any CPU
		{1547A9F0-B928-4F7F-AC50-DB059DCDD36D}.Debug|x86.ActiveCfg = Debug|Any CPU
		{1547A9F0-B928-4F7F-AC50-DB059DCDD36D}.Debug|x86.Build.0 = Debug|Any CPU
		{1547A9F0-B928-4F7F-AC50-DB059DCDD36D}.Debug|x86.Deploy.0 = Debug|Any CPU
		{1547A9F0-B928-4F7F-AC50-DB059DCDD36D}.Release|Any CPU.ActiveCfg = Release|Any CPU
		{1547A9F0-B928-4F7F-AC50-DB059DCDD36D}.Release|Any CPU.Build.0 = Release|Any CPU
		{1547A9F0-B928-4F7F-AC50-DB059DCDD36D}.Release|Any CPU.Deploy.0 = Release|Any CPU
		{1547A9F0-B928-4F7F-AC50-DB059DCDD36D}.Release|ARM.ActiveCfg = Release|Any CPU
		{1547A9F0-B928-4F7F-AC50-DB059DCDD36D}.Release|ARM.Build.0 = Release|Any CPU
		{1547A9F0-B928-4F7F-AC50-DB059DCDD36D}.Release|ARM.Deploy.0 = Release|Any CPU
		{1547A9F0-B928-4F7F-AC50-DB059DCDD36D}.Release|ARM64.ActiveCfg = Release|Any CPU
		{1547A9F0-B928-4F7F-AC50-DB059DCDD36D}.Release|ARM64.Build.0 = Release|Any CPU
		{1547A9F0-B928-4F7F-AC50-DB059DCDD36D}.Release|ARM64.Deploy.0 = Release|Any CPU
		{1547A9F0-B928-4F7F-AC50-DB059DCDD36D}.Release|x64.ActiveCfg = Release|Any CPU
		{1547A9F0-B928-4F7F-AC50-DB059DCDD36D}.Release|x64.Build.0 = Release|Any CPU
		{1547A9F0-B928-4F7F-AC50-DB059DCDD36D}.Release|x64.Deploy.0 = Release|Any CPU
		{1547A9F0-B928-4F7F-AC50-DB059DCDD36D}.Release|x86.ActiveCfg = Release|Any CPU
		{1547A9F0-B928-4F7F-AC50-DB059DCDD36D}.Release|x86.Build.0 = Release|Any CPU
		{1547A9F0-B928-4F7F-AC50-DB059DCDD36D}.Release|x86.Deploy.0 = Release|Any CPU
		{413BB475-F58A-4A98-85B9-9B417C06A5E3}.Debug|Any CPU.ActiveCfg = Debug|Any CPU
		{413BB475-F58A-4A98-85B9-9B417C06A5E3}.Debug|Any CPU.Build.0 = Debug|Any CPU
		{413BB475-F58A-4A98-85B9-9B417C06A5E3}.Debug|ARM.ActiveCfg = Debug|Any CPU
		{413BB475-F58A-4A98-85B9-9B417C06A5E3}.Debug|ARM.Build.0 = Debug|Any CPU
		{413BB475-F58A-4A98-85B9-9B417C06A5E3}.Debug|ARM64.ActiveCfg = Debug|Any CPU
		{413BB475-F58A-4A98-85B9-9B417C06A5E3}.Debug|ARM64.Build.0 = Debug|Any CPU
		{413BB475-F58A-4A98-85B9-9B417C06A5E3}.Debug|x64.ActiveCfg = Debug|Any CPU
		{413BB475-F58A-4A98-85B9-9B417C06A5E3}.Debug|x64.Build.0 = Debug|Any CPU
		{413BB475-F58A-4A98-85B9-9B417C06A5E3}.Debug|x86.ActiveCfg = Debug|Any CPU
		{413BB475-F58A-4A98-85B9-9B417C06A5E3}.Debug|x86.Build.0 = Debug|Any CPU
		{413BB475-F58A-4A98-85B9-9B417C06A5E3}.Release|Any CPU.ActiveCfg = Release|Any CPU
		{413BB475-F58A-4A98-85B9-9B417C06A5E3}.Release|Any CPU.Build.0 = Release|Any CPU
		{413BB475-F58A-4A98-85B9-9B417C06A5E3}.Release|ARM.ActiveCfg = Release|Any CPU
		{413BB475-F58A-4A98-85B9-9B417C06A5E3}.Release|ARM.Build.0 = Release|Any CPU
		{413BB475-F58A-4A98-85B9-9B417C06A5E3}.Release|ARM64.ActiveCfg = Release|Any CPU
		{413BB475-F58A-4A98-85B9-9B417C06A5E3}.Release|ARM64.Build.0 = Release|Any CPU
		{413BB475-F58A-4A98-85B9-9B417C06A5E3}.Release|x64.ActiveCfg = Release|Any CPU
		{413BB475-F58A-4A98-85B9-9B417C06A5E3}.Release|x64.Build.0 = Release|Any CPU
		{413BB475-F58A-4A98-85B9-9B417C06A5E3}.Release|x86.ActiveCfg = Release|Any CPU
		{413BB475-F58A-4A98-85B9-9B417C06A5E3}.Release|x86.Build.0 = Release|Any CPU
	EndGlobalSection
	GlobalSection(SolutionProperties) = preSolution
		HideSolutionNode = FALSE
	EndGlobalSection
	GlobalSection(NestedProjects) = preSolution
		{A9CBF64C-8F51-496D-914D-06432D0EE43D} = {AE143741-EC13-4266-9E69-EFAB8CBE9E16}
		{4162B979-4F7E-43DE-B6A8-08B108D7327C} = {8E154B4D-6C26-4A60-8BB9-C05E928A200A}
		{AE143741-EC13-4266-9E69-EFAB8CBE9E16} = {8E154B4D-6C26-4A60-8BB9-C05E928A200A}
		{FF9C619E-E415-44CB-BD74-74E18A2B85EE} = {8E154B4D-6C26-4A60-8BB9-C05E928A200A}
		{0B89B1E2-911F-420D-8102-EF44C3C3004D} = {26D0FBD9-72F8-49FA-A86D-7719545CE07A}
		{26D0FBD9-72F8-49FA-A86D-7719545CE07A} = {8E154B4D-6C26-4A60-8BB9-C05E928A200A}
		{32BBEBC9-41BE-4231-A928-8C8CB0DB5DC8} = {26D0FBD9-72F8-49FA-A86D-7719545CE07A}
		{1547A9F0-B928-4F7F-AC50-DB059DCDD36D} = {32BBEBC9-41BE-4231-A928-8C8CB0DB5DC8}
		{413BB475-F58A-4A98-85B9-9B417C06A5E3} = {4162B979-4F7E-43DE-B6A8-08B108D7327C}
	EndGlobalSection
	GlobalSection(ExtensibilityGlobals) = postSolution
		SolutionGuid = {893961B5-6732-4B83-8273-E6A5E4318B02}
	EndGlobalSection
EndGlobal
